
Microsoft Visual Studio Solution File, Format Version 12.00
# Visual Studio 15
VisualStudioVersion = 15.0.27703.2000
MinimumVisualStudioVersion = 10.0.40219.1
Project("{FAE04EC0-301F-11D3-BF4B-00C04F79EFBC}") = "TODOList", "TODOList\TODOList.csproj", "{29C1C413-09A0-47B5-B4BB-D83BD6CF5D8A}"
EndProject
Global
	GlobalSection(SolutionConfigurationPlatforms) = preSolution
		Debug|Any CPU = Debug|Any CPU
		Release|Any CPU = Release|Any CPU
	EndGlobalSection
	GlobalSection(ProjectConfigurationPlatforms) = postSolution
		{29C1C413-09A0-47B5-B4BB-D83BD6CF5D8A}.Debug|Any CPU.ActiveCfg = Debug|Any CPU
		{29C1C413-09A0-47B5-B4BB-D83BD6CF5D8A}.Debug|Any CPU.Build.0 = Debug|Any CPU
		{29C1C413-09A0-47B5-B4BB-D83BD6CF5D8A}.Release|Any CPU.ActiveCfg = Release|Any CPU
		{29C1C413-09A0-47B5-B4BB-D83BD6CF5D8A}.Release|Any CPU.Build.0 = Release|Any CPU
	EndGlobalSection
	GlobalSection(SolutionProperties) = preSolution
		HideSolutionNode = FALSE
	EndGlobalSection
	GlobalSection(ExtensibilityGlobals) = postSolution
		SolutionGuid = {37F7CE57-86C1-420E-A9E7-A36B4EB9A2CC}
	EndGlobalSection
EndGlobal
